
Microsoft Visual Studio Solution File, Format Version 12.00
# Visual Studio Version 16
VisualStudioVersion = 16.0.29728.190
MinimumVisualStudioVersion = 10.0.40219.1
Project("{FAE04EC0-301F-11D3-BF4B-00C04F79EFBC}") = "rahul-prepod-frontend1", "rahul-prepod-frontend1.csproj", "{70547E56-CC5D-4888-84F2-736766973787}"
EndProject
Global
	GlobalSection(SolutionConfigurationPlatforms) = preSolution
		Debug|Any CPU = Debug|Any CPU
		Release|Any CPU = Release|Any CPU
	EndGlobalSection
	GlobalSection(ProjectConfigurationPlatforms) = postSolution
		{70547E56-CC5D-4888-84F2-736766973787}.Debug|Any CPU.ActiveCfg = Debug|Any CPU
		{70547E56-CC5D-4888-84F2-736766973787}.Debug|Any CPU.Build.0 = Debug|Any CPU
		{70547E56-CC5D-4888-84F2-736766973787}.Release|Any CPU.ActiveCfg = Release|Any CPU
		{70547E56-CC5D-4888-84F2-736766973787}.Release|Any CPU.Build.0 = Release|Any CPU
	EndGlobalSection
	GlobalSection(SolutionProperties) = preSolution
		HideSolutionNode = FALSE
	EndGlobalSection
	GlobalSection(ExtensibilityGlobals) = postSolution
		SolutionGuid = {77CEE4E4-E7AE-41E4-93E8-305886B4B746}
	EndGlobalSection
EndGlobal
